
Microsoft Visual Studio Solution File, Format Version 12.00
# Visual Studio Version 17
VisualStudioVersion = 17.1.32210.238
MinimumVisualStudioVersion = 10.0.40219.1
Project("{FAE04EC0-301F-11D3-BF4B-00C04F79EFBC}") = "SFBlog.Web", "SFBlog.Web\SFBlog.Web.csproj", "{D6CFD8D8-0480-44D7-8813-BCB83A043E89}"
EndProject
Project("{FAE04EC0-301F-11D3-BF4B-00C04F79EFBC}") = "SFBlog.DAL", "SFBlog.DAL\SFBlog.DAL.csproj", "{D173B444-30D0-4534-B00E-295B94321084}"
EndProject
Project("{FAE04EC0-301F-11D3-BF4B-00C04F79EFBC}") = "SFBlog.BLL", "SFBlog.BLL\SFBlog.BLL.csproj", "{5D7B3565-27CA-439B-A1AA-183A699FB950}"
EndProject
Global
	GlobalSection(SolutionConfigurationPlatforms) = preSolution
		Debug|Any CPU = Debug|Any CPU
		Release|Any CPU = Release|Any CPU
	EndGlobalSection
	GlobalSection(ProjectConfigurationPlatforms) = postSolution
		{D6CFD8D8-0480-44D7-8813-BCB83A043E89}.Debug|Any CPU.ActiveCfg = Debug|Any CPU
		{D6CFD8D8-0480-44D7-8813-BCB83A043E89}.Debug|Any CPU.Build.0 = Debug|Any CPU
		{D6CFD8D8-0480-44D7-8813-BCB83A043E89}.Release|Any CPU.ActiveCfg = Release|Any CPU
		{D6CFD8D8-0480-44D7-8813-BCB83A043E89}.Release|Any CPU.Build.0 = Release|Any CPU
		{D173B444-30D0-4534-B00E-295B94321084}.Debug|Any CPU.ActiveCfg = Debug|Any CPU
		{D173B444-30D0-4534-B00E-295B94321084}.Debug|Any CPU.Build.0 = Debug|Any CPU
		{D173B444-30D0-4534-B00E-295B94321084}.Release|Any CPU.ActiveCfg = Release|Any CPU
		{D173B444-30D0-4534-B00E-295B94321084}.Release|Any CPU.Build.0 = Release|Any CPU
		{5D7B3565-27CA-439B-A1AA-183A699FB950}.Debug|Any CPU.ActiveCfg = Debug|Any CPU
		{5D7B3565-27CA-439B-A1AA-183A699FB950}.Debug|Any CPU.Build.0 = Debug|Any CPU
		{5D7B3565-27CA-439B-A1AA-183A699FB950}.Release|Any CPU.ActiveCfg = Release|Any CPU
		{5D7B3565-27CA-439B-A1AA-183A699FB950}.Release|Any CPU.Build.0 = Release|Any CPU
	EndGlobalSection
	GlobalSection(SolutionProperties) = preSolution
		HideSolutionNode = FALSE
	EndGlobalSection
	GlobalSection(ExtensibilityGlobals) = postSolution
		SolutionGuid = {40E38CE3-54B4-495F-9D8C-79570E0D6F95}
	EndGlobalSection
EndGlobal
